
Microsoft Visual Studio Solution File, Format Version 12.00
# Visual Studio Version 17
VisualStudioVersion = 17.11.35327.3
MinimumVisualStudioVersion = 10.0.40219.1
Project("{FAE04EC0-301F-11D3-BF4B-00C04F79EFBC}") = "01_MainSubjects", "01_MainSubjects\01_MainSubjects.csproj", "{516BFB61-8AE2-493A-8113-2EB6EFBDEF20}"
EndProject
Project("{FAE04EC0-301F-11D3-BF4B-00C04F79EFBC}") = "02_Variables", "02_Variables\02_Variables.csproj", "{B5B7F932-0C10-4041-A75C-48B2A5943003}"
EndProject
Project("{FAE04EC0-301F-11D3-BF4B-00C04F79EFBC}") = "03_MakingDecision", "03_MakingDecision\03_MakingDecision.csproj", "{03DF9733-D460-403F-86A2-B0599A065718}"
EndProject
Project("{FAE04EC0-301F-11D3-BF4B-00C04F79EFBC}") = "04_Loops", "04_Loops\04_Loops.csproj", "{C8AD4AB3-518E-4D36-A316-8AC833885EA2}"
EndProject
Project("{FAE04EC0-301F-11D3-BF4B-00C04F79EFBC}") = "05_LoopsWithStatrs", "05_LoopsWithStatrs\05_LoopsWithStatrs.csproj", "{9A9CAC24-F728-4DFD-AFC3-AA58CCC65E50}"
EndProject
Project("{FAE04EC0-301F-11D3-BF4B-00C04F79EFBC}") = "06_Arrays", "06_Arrays\06_Arrays.csproj", "{88801693-B93E-4088-9378-277BCC2D00D3}"
EndProject
Project("{FAE04EC0-301F-11D3-BF4B-00C04F79EFBC}") = "07_ForeachLoops", "7_ForeachLoops\07_ForeachLoops.csproj", "{DCC86D70-2FF4-4382-BCC9-09B2E02B8531}"
EndProject
Project("{FAE04EC0-301F-11D3-BF4B-00C04F79EFBC}") = "08_Methods", "08_Methods\08_Methods.csproj", "{490D7693-B82D-431F-AE7F-C9820564080C}"
EndProject
Project("{FAE04EC0-301F-11D3-BF4B-00C04F79EFBC}") = "09_DatabaseProject", "ConsoleApp1\09_DatabaseProject.csproj", "{E817972B-9976-4FD8-8768-18679B82E2ED}"
EndProject
Global
	GlobalSection(SolutionConfigurationPlatforms) = preSolution
		Debug|Any CPU = Debug|Any CPU
		Release|Any CPU = Release|Any CPU
	EndGlobalSection
	GlobalSection(ProjectConfigurationPlatforms) = postSolution
		{516BFB61-8AE2-493A-8113-2EB6EFBDEF20}.Debug|Any CPU.ActiveCfg = Debug|Any CPU
		{516BFB61-8AE2-493A-8113-2EB6EFBDEF20}.Debug|Any CPU.Build.0 = Debug|Any CPU
		{516BFB61-8AE2-493A-8113-2EB6EFBDEF20}.Release|Any CPU.ActiveCfg = Release|Any CPU
		{516BFB61-8AE2-493A-8113-2EB6EFBDEF20}.Release|Any CPU.Build.0 = Release|Any CPU
		{B5B7F932-0C10-4041-A75C-48B2A5943003}.Debug|Any CPU.ActiveCfg = Debug|Any CPU
		{B5B7F932-0C10-4041-A75C-48B2A5943003}.Debug|Any CPU.Build.0 = Debug|Any CPU
		{B5B7F932-0C10-4041-A75C-48B2A5943003}.Release|Any CPU.ActiveCfg = Release|Any CPU
		{B5B7F932-0C10-4041-A75C-48B2A5943003}.Release|Any CPU.Build.0 = Release|Any CPU
		{03DF9733-D460-403F-86A2-B0599A065718}.Debug|Any CPU.ActiveCfg = Debug|Any CPU
		{03DF9733-D460-403F-86A2-B0599A065718}.Debug|Any CPU.Build.0 = Debug|Any CPU
		{03DF9733-D460-403F-86A2-B0599A065718}.Release|Any CPU.ActiveCfg = Release|Any CPU
		{03DF9733-D460-403F-86A2-B0599A065718}.Release|Any CPU.Build.0 = Release|Any CPU
		{C8AD4AB3-518E-4D36-A316-8AC833885EA2}.Debug|Any CPU.ActiveCfg = Debug|Any CPU
		{C8AD4AB3-518E-4D36-A316-8AC833885EA2}.Debug|Any CPU.Build.0 = Debug|Any CPU
		{C8AD4AB3-518E-4D36-A316-8AC833885EA2}.Release|Any CPU.ActiveCfg = Release|Any CPU
		{C8AD4AB3-518E-4D36-A316-8AC833885EA2}.Release|Any CPU.Build.0 = Release|Any CPU
		{9A9CAC24-F728-4DFD-AFC3-AA58CCC65E50}.Debug|Any CPU.ActiveCfg = Debug|Any CPU
		{9A9CAC24-F728-4DFD-AFC3-AA58CCC65E50}.Debug|Any CPU.Build.0 = Debug|Any CPU
		{9A9CAC24-F728-4DFD-AFC3-AA58CCC65E50}.Release|Any CPU.ActiveCfg = Release|Any CPU
		{9A9CAC24-F728-4DFD-AFC3-AA58CCC65E50}.Release|Any CPU.Build.0 = Release|Any CPU
		{88801693-B93E-4088-9378-277BCC2D00D3}.Debug|Any CPU.ActiveCfg = Debug|Any CPU
		{88801693-B93E-4088-9378-277BCC2D00D3}.Debug|Any CPU.Build.0 = Debug|Any CPU
		{88801693-B93E-4088-9378-277BCC2D00D3}.Release|Any CPU.ActiveCfg = Release|Any CPU
		{88801693-B93E-4088-9378-277BCC2D00D3}.Release|Any CPU.Build.0 = Release|Any CPU
		{DCC86D70-2FF4-4382-BCC9-09B2E02B8531}.Debug|Any CPU.ActiveCfg = Debug|Any CPU
		{DCC86D70-2FF4-4382-BCC9-09B2E02B8531}.Debug|Any CPU.Build.0 = Debug|Any CPU
		{DCC86D70-2FF4-4382-BCC9-09B2E02B8531}.Release|Any CPU.ActiveCfg = Release|Any CPU
		{DCC86D70-2FF4-4382-BCC9-09B2E02B8531}.Release|Any CPU.Build.0 = Release|Any CPU
		{490D7693-B82D-431F-AE7F-C9820564080C}.Debug|Any CPU.ActiveCfg = Debug|Any CPU
		{490D7693-B82D-431F-AE7F-C9820564080C}.Debug|Any CPU.Build.0 = Debug|Any CPU
		{490D7693-B82D-431F-AE7F-C9820564080C}.Release|Any CPU.ActiveCfg = Release|Any CPU
		{490D7693-B82D-431F-AE7F-C9820564080C}.Release|Any CPU.Build.0 = Release|Any CPU
		{E817972B-9976-4FD8-8768-18679B82E2ED}.Debug|Any CPU.ActiveCfg = Debug|Any CPU
		{E817972B-9976-4FD8-8768-18679B82E2ED}.Debug|Any CPU.Build.0 = Debug|Any CPU
		{E817972B-9976-4FD8-8768-18679B82E2ED}.Release|Any CPU.ActiveCfg = Release|Any CPU
		{E817972B-9976-4FD8-8768-18679B82E2ED}.Release|Any CPU.Build.0 = Release|Any CPU
	EndGlobalSection
	GlobalSection(SolutionProperties) = preSolution
		HideSolutionNode = FALSE
	EndGlobalSection
	GlobalSection(ExtensibilityGlobals) = postSolution
		SolutionGuid = {649B5A4D-1067-4B8E-9595-FA4ADF92177A}
	EndGlobalSection
EndGlobal
